
Microsoft Visual Studio Solution File, Format Version 12.00
# Visual Studio Version 17
VisualStudioVersion = 17.9.34622.214
MinimumVisualStudioVersion = 10.0.40219.1
Project("{FAE04EC0-301F-11D3-BF4B-00C04F79EFBC}") = "SmartCashRegister", "SmartCashRegister\SmartCashRegister.csproj", "{C95313F0-2EEC-47B8-B13C-CDF92F2BD570}"
EndProject
Global
	GlobalSection(SolutionConfigurationPlatforms) = preSolution
		Debug|Any CPU = Debug|Any CPU
		Release|Any CPU = Release|Any CPU
	EndGlobalSection
	GlobalSection(ProjectConfigurationPlatforms) = postSolution
		{C95313F0-2EEC-47B8-B13C-CDF92F2BD570}.Debug|Any CPU.ActiveCfg = Debug|Any CPU
		{C95313F0-2EEC-47B8-B13C-CDF92F2BD570}.Debug|Any CPU.Build.0 = Debug|Any CPU
		{C95313F0-2EEC-47B8-B13C-CDF92F2BD570}.Release|Any CPU.ActiveCfg = Release|Any CPU
		{C95313F0-2EEC-47B8-B13C-CDF92F2BD570}.Release|Any CPU.Build.0 = Release|Any CPU
	EndGlobalSection
	GlobalSection(SolutionProperties) = preSolution
		HideSolutionNode = FALSE
	EndGlobalSection
	GlobalSection(ExtensibilityGlobals) = postSolution
		SolutionGuid = {11DCF331-4F2F-4FFA-ABBA-3826A9178A20}
	EndGlobalSection
EndGlobal
